// !$*UTF8*$!
{
	archiveVersion = 1;
	classes = {
	};
	objectVersion = 46;
	objects = {

/* Begin PBXBuildFile section */
		AE6476761E1BD29600253F6E /* AppDelegate.swift in Sources */ = {isa = PBXBuildFile; fileRef = AE6476751E1BD29600253F6E /* AppDelegate.swift */; };
		AE6476781E1BD29600253F6E /* ViewController.swift in Sources */ = {isa = PBXBuildFile; fileRef = AE6476771E1BD29600253F6E /* ViewController.swift */; };
		AE64767B1E1BD29600253F6E /* Main.storyboard in Resources */ = {isa = PBXBuildFile; fileRef = AE6476791E1BD29600253F6E /* Main.storyboard */; };
		AE64767E1E1BD29600253F6E /* LoginApp.xcdatamodeld in Sources */ = {isa = PBXBuildFile; fileRef = AE64767C1E1BD29600253F6E /* LoginApp.xcdatamodeld */; };
		AE6476801E1BD29600253F6E /* Assets.xcassets in Resources */ = {isa = PBXBuildFile; fileRef = AE64767F1E1BD29600253F6E /* Assets.xcassets */; };
		AE6476831E1BD29600253F6E /* LaunchScreen.storyboard in Resources */ = {isa = PBXBuildFile; fileRef = AE6476811E1BD29600253F6E /* LaunchScreen.storyboard */; };
/* End PBXBuildFile section */

/* Begin PBXFileReference section */
		AE6476721E1BD29600253F6E /* LoginApp.app */ = {isa = PBXFileReference; explicitFileType = wrapper.application; includeInIndex = 0; path = LoginApp.app; sourceTree = BUILT_PRODUCTS_DIR; };
		AE6476751E1BD29600253F6E /* AppDelegate.swift */ = {isa = PBXFileReference; lastKnownFileType = sourcecode.swift; path = AppDelegate.swift; sourceTree = "<group>"; };
		AE6476771E1BD29600253F6E /* ViewController.swift */ = {isa = PBXFileReference; lastKnownFileType = sourcecode.swift; path = ViewController.swift; sourceTree = "<group>"; };
		AE64767A1E1BD29600253F6E /* Base */ = {isa = PBXFileReference; lastKnownFileType = file.storyboard; name = Base; path = Base.lproj/Main.storyboard; sourceTree = "<group>"; };
		AE64767D1E1BD29600253F6E /* LoginApp.xcdatamodel */ = {isa = PBXFileReference; lastKnownFileType = wrapper.xcdatamodel; path = LoginApp.xcdatamodel; sourceTree = "<group>"; };
		AE64767F1E1BD29600253F6E /* Assets.xcassets */ = {isa = PBXFileReference; lastKnownFileType = folder.assetcatalog; path = Assets.xcassets; sourceTree = "<group>"; };
		AE6476821E1BD29600253F6E /* Base */ = {isa = PBXFileReference; lastKnownFileType = file.storyboard; name = Base; path = Base.lproj/LaunchScreen.storyboard; sourceTree = "<group>"; };
		AE6476841E1BD29600253F6E /* Info.plist */ = {isa = PBXFileReference; lastKnownFileType = text.plist.xml; path = Info.plist; sourceTree = "<group>"; };
/* End PBXFileReference section */

/* Begin PBXFrameworksBuildPhase section */
		AE64766F1E1BD29600253F6E /* Frameworks */ = {
			isa = PBXFrameworksBuildPhase;
			buildActionMask = 2147483647;
			files = (
			);
			runOnlyForDeploymentPostprocessing = 0;
		};
/* End PBXFrameworksBuildPhase section */

/* Begin PBXGroup section */
		AE6476691E1BD29600253F6E = {
			isa = PBXGroup;
			children = (
				AE6476741E1BD29600253F6E /* LoginApp */,
				AE6476731E1BD29600253F6E /* Products */,
			);
			sourceTree = "<group>";
		};
		AE6476731E1BD29600253F6E /* Products */ = {
			isa = PBXGroup;
			children = (
				AE6476721E1BD29600253F6E /* LoginApp.app */,
			);
			name = Products;
			sourceTree = "<group>";
		};
		AE6476741E1BD29600253F6E /* LoginApp */ = {
			isa = PBXGroup;
			children = (
				AE6476751E1BD29600253F6E /* AppDelegate.swift */,
				AE6476771E1BD29600253F6E /* ViewController.swift */,
				AE6476791E1BD29600253F6E /* Main.storyboard */,
				AE64767F1E1BD29600253F6E /* Assets.xcassets */,
				AE6476811E1BD29600253F6E /* LaunchScreen.storyboard */,
				AE6476841E1BD29600253F6E /* Info.plist */,
				AE64767C1E1BD29600253F6E /* LoginApp.xcdatamodeld */,
			);
			path = LoginApp;
			sourceTree = "<group>";
		};
/* End PBXGroup section */

/* Begin PBXNativeTarget section */
		AE6476711E1BD29600253F6E /* LoginApp */ = {
			isa = PBXNativeTarget;
			buildConfigurationList = AE6476871E1BD29600253F6E /* Build configuration list for PBXNativeTarget "LoginApp" */;
			buildPhases = (
				AE64766E1E1BD29600253F6E /* Sources */,
				AE64766F1E1BD29600253F6E /* Frameworks */,
				AE6476701E1BD29600253F6E /* Resources */,
			);
			buildRules = (
			);
			dependencies = (
			);
			name = LoginApp;
			productName = LoginApp;
			productReference = AE6476721E1BD29600253F6E /* LoginApp.app */;
			productType = "com.apple.product-type.application";
		};
/* End PBXNativeTarget section */

/* Begin PBXProject section */
		AE64766A1E1BD29600253F6E /* Project object */ = {
			isa = PBXProject;
			attributes = {
				LastSwiftUpdateCheck = 0820;
				LastUpgradeCheck = 0820;
				ORGANIZATIONNAME = "Maxim  Grozniy";
				TargetAttributes = {
					AE6476711E1BD29600253F6E = {
						CreatedOnToolsVersion = 8.2.1;
						DevelopmentTeam = XJ5S8AVJFY;
						ProvisioningStyle = Automatic;
					};
				};
			};
			buildConfigurationList = AE64766D1E1BD29600253F6E /* Build configuration list for PBXProject "LoginApp" */;
			compatibilityVersion = "Xcode 3.2";
			developmentRegion = English;
			hasScannedForEncodings = 0;
			knownRegions = (
				en,
				Base,
			);
			mainGroup = AE6476691E1BD29600253F6E;
			productRefGroup = AE6476731E1BD29600253F6E /* Products */;
			projectDirPath = "";
			projectRoot = "";
			targets = (
				AE6476711E1BD29600253F6E /* LoginApp */,
			);
		};
/* End PBXProject section */

/* Begin PBXResourcesBuildPhase section */
		AE6476701E1BD29600253F6E /* Resources */ = {
			isa = PBXResourcesBuildPhase;
			buildActionMask = 2147483647;
			files = (
				AE6476831E1BD29600253F6E /* LaunchScreen.storyboard in Resources */,
				AE6476801E1BD29600253F6E /* Assets.xcassets in Resources */,
				AE64767B1E1BD29600253F6E /* Main.storyboard in Resources */,
			);
			runOnlyForDeploymentPostprocessing = 0;
		};
/* End PBXResourcesBuildPhase section */

/* Begin PBXSourcesBuildPhase section */
		AE64766E1E1BD29600253F6E /* Sources */ = {
			isa = PBXSourcesBuildPhase;
			buildActionMask = 2147483647;
			files = (
				AE64767E1E1BD29600253F6E /* LoginApp.xcdatamodeld in Sources */,
				AE6476781E1BD29600253F6E /* ViewController.swift in Sources */,
				AE6476761E1BD29600253F6E /* AppDelegate.swift in Sources */,
			);
			runOnlyForDeploymentPostprocessing = 0;
		};
/* End PBXSourcesBuildPhase section */

/* Begin PBXVariantGroup section */
		AE6476791E1BD29600253F6E /* Main.storyboard */ = {
			isa = PBXVariantGroup;
			children = (
				AE64767A1E1BD29600253F6E /* Base */,
			);
			name = Main.storyboard;
			sourceTree = "<group>";
		};
		AE6476811E1BD29600253F6E /* LaunchScreen.storyboard */ = {
			isa = PBXVariantGroup;
			children = (
				AE6476821E1BD29600253F6E /* Base */,
			);
			name = LaunchScreen.storyboard;
			sourceTree = "<group>";
		};
/* End PBXVariantGroup section */

/* Begin XCBuildConfiguration section */
		AE6476851E1BD29600253F6E /* Debug */ = {
			isa = XCBuildConfiguration;
			buildSettings = {
				ALWAYS_SEARCH_USER_PATHS = NO;
				CLANG_ANALYZER_NONNULL = YES;
				CLANG_CXX_LANGUAGE_STANDARD = "gnu++0x";
				CLANG_CXX_LIBRARY = "libc++";
				CLANG_ENABLE_MODULES = YES;
				CLANG_ENABLE_OBJC_ARC = YES;
				CLANG_WARN_BOOL_CONVERSION = YES;
				CLANG_WARN_CONSTANT_CONVERSION = YES;
				CLANG_WARN_DIRECT_OBJC_ISA_USAGE = YES_ERROR;
				CLANG_WARN_DOCUMENTATION_COMMENTS = YES;
				CLANG_WARN_EMPTY_BODY = YES;
				CLANG_WARN_ENUM_CONVERSION = YES;
				CLANG_WARN_INFINITE_RECURSION = YES;
				CLANG_WARN_INT_CONVERSION = YES;
				CLANG_WARN_OBJC_ROOT_CLASS = YES_ERROR;
				CLANG_WARN_SUSPICIOUS_MOVE = YES;
				CLANG_WARN_UNREACHABLE_CODE = YES;
				CLANG_WARN__DUPLICATE_METHOD_MATCH = YES;
				"CODE_SIGN_IDENTITY[sdk=iphoneos*]" = "iPhone Developer";
				COPY_PHASE_STRIP = NO;
				DEBUG_INFORMATION_FORMAT = dwarf;
				ENABLE_STRICT_OBJC_MSGSEND = YES;
				ENABLE_TESTABILITY = YES;
				GCC_C_LANGUAGE_STANDARD = gnu99;
				GCC_DYNAMIC_NO_PIC = NO;
				GCC_NO_COMMON_BLOCKS = YES;
				GCC_OPTIMIZATION_LEVEL = 0;
				GCC_PREPROCESSOR_DEFINITIONS = (
					"DEBUG=1",
					"$(inherited)",
				);
				GCC_WARN_64_TO_32_BIT_CONVERSION = YES;
				GCC_WARN_ABOUT_RETURN_TYPE = YES_ERROR;
				GCC_WARN_UNDECLARED_SELECTOR = YES;
				GCC_WARN_UNINITIALIZED_AUTOS = YES_AGGRESSIVE;
				GCC_WARN_UNUSED_FUNCTION = YES;
				GCC_WARN_UNUSED_VARIABLE = YES;
				IPHONEOS_DEPLOYMENT_TARGET = 10.2;
				MTL_ENABLE_DEBUG_INFO = YES;
				ONLY_ACTIVE_ARCH = YES;
				SDKROOT = iphoneos;
				SWIFT_ACTIVE_COMPILATION_CONDITIONS = DEBUG;
				SWIFT_OPTIMIZATION_LEVEL = "-Onone";
				TARGETED_DEVICE_FAMILY = "1,2";
			};
			name = Debug;
		};
		AE6476861E1BD29600253F6E /* Release */ = {
			isa = XCBuildConfiguration;
			buildSettings = {
				ALWAYS_SEARCH_USER_PATHS = NO;
				CLANG_ANALYZER_NONNULL = YES;
				CLANG_CXX_LANGUAGE_STANDARD = "gnu++0x";
				CLANG_CXX_LIBRARY = "libc++";
				CLANG_ENABLE_MODULES = YES;
				CLANG_ENABLE_OBJC_ARC = YES;
				CLANG_WARN_BOOL_CONVERSION = YES;
				CLANG_WARN_CONSTANT_CONVERSION = YES;
				CLANG_WARN_DIRECT_OBJC_ISA_USAGE = YES_ERROR;
				CLANG_WARN_DOCUMENTATION_COMMENTS = YES;
				CLANG_WARN_EMPTY_BODY = YES;
				CLANG_WARN_ENUM_CONVERSION = YES;
				CLANG_WARN_INFINITE_RECURSION = YES;
				CLANG_WARN_INT_CONVERSION = YES;
				CLANG_WARN_OBJC_ROOT_CLASS = YES_ERROR;
				CLANG_WARN_SUSPICIOUS_MOVE = YES;
				CLANG_WARN_UNREACHABLE_CODE = YES;
				CLANG_WARN__DUPLICATE_METHOD_MATCH = YES;
				"CODE_SIGN_IDENTITY[sdk=iphoneos*]" = "iPhone Developer";
				COPY_PHASE_STRIP = NO;
				DEBUG_INFORMATION_FORMAT = "dwarf-with-dsym";
				ENABLE_NS_ASSERTIONS = NO;
				ENABLE_STRICT_OBJC_MSGSEND = YES;
				GCC_C_LANGUAGE_STANDARD = gnu99;
				GCC_NO_COMMON_BLOCKS = YES;
				GCC_WARN_64_TO_32_BIT_CONVERSION = YES;
				GCC_WARN_ABOUT_RETURN_TYPE = YES_ERROR;
				GCC_WARN_UNDECLARED_SELECTOR = YES;
				GCC_WARN_UNINITIALIZED_AUTOS = YES_AGGRESSIVE;
				GCC_WARN_UNUSED_FUNCTION = YES;
				GCC_WARN_UNUSED_VARIABLE = YES;
				IPHONEOS_DEPLOYMENT_TARGET = 10.2;
				MTL_ENABLE_DEBUG_INFO = NO;
				SDKROOT = iphoneos;
				SWIFT_OPTIMIZATION_LEVEL = "-Owholemodule";
				TARGETED_DEVICE_FAMILY = "1,2";
				VALIDATE_PRODUCT = YES;
			};
			name = Release;
		};
		AE6476881E1BD29600253F6E /* Debug */ = {
			isa = XCBuildConfiguration;
			buildSettings = {
				ASSETCATALOG_COMPILER_APPICON_NAME = AppIcon;
				DEVELOPMENT_TEAM = XJ5S8AVJFY;
				INFOPLIST_FILE = LoginApp/Info.plist;
				LD_RUNPATH_SEARCH_PATHS = "$(inherited) @executable_path/Frameworks";
				PRODUCT_BUNDLE_IDENTIFIER = com.iosxdevelop.LoginApp;
				PRODUCT_NAME = "$(TARGET_NAME)";
				SWIFT_VERSION = 3.0;
			};
			name = Debug;
		};
		AE6476891E1BD29600253F6E /* Release */ = {
			isa = XCBuildConfiguration;
			buildSettings = {
				ASSETCATALOG_COMPILER_APPICON_NAME = AppIcon;
				DEVELOPMENT_TEAM = XJ5S8AVJFY;
				INFOPLIST_FILE = LoginApp/Info.plist;
				LD_RUNPATH_SEARCH_PATHS = "$(inherited) @executable_path/Frameworks";
				PRODUCT_BUNDLE_IDENTIFIER = com.iosxdevelop.LoginApp;
				PRODUCT_NAME = "$(TARGET_NAME)";
				SWIFT_VERSION = 3.0;
			};
			name = Release;
		};
/* End XCBuildConfiguration section */

/* Begin XCConfigurationList section */
		AE64766D1E1BD29600253F6E /* Build configuration list for PBXProject "LoginApp" */ = {
			isa = XCConfigurationList;
			buildConfigurations = (
				AE6476851E1BD29600253F6E /* Debug */,
				AE6476861E1BD29600253F6E /* Release */,
			);
			defaultConfigurationIsVisible = 0;
			defaultConfigurationName = Release;
		};
		AE6476871E1BD29600253F6E /* Build configuration list for PBXNativeTarget "LoginApp" */ = {
			isa = XCConfigurationList;
			buildConfigurations = (
				AE6476881E1BD29600253F6E /* Debug */,
				AE6476891E1BD29600253F6E /* Release */,
			);
			defaultConfigurationIsVisible = 0;
		};
/* End XCConfigurationList section */

/* Begin XCVersionGroup section */
		AE64767C1E1BD29600253F6E /* LoginApp.xcdatamodeld */ = {
			isa = XCVersionGroup;
			children = (
				AE64767D1E1BD29600253F6E /* LoginApp.xcdatamodel */,
			);
			currentVersion = AE64767D1E1BD29600253F6E /* LoginApp.xcdatamodel */;
			path = LoginApp.xcdatamodeld;
			sourceTree = "<group>";
			versionGroupType = wrapper.xcdatamodel;
		};
/* End XCVersionGroup section */
	};
	rootObject = AE64766A1E1BD29600253F6E /* Project object */;
}
